
Microsoft Visual Studio Solution File, Format Version 12.00
# Visual Studio Version 16
VisualStudioVersion = 16.0.32802.440
MinimumVisualStudioVersion = 10.0.40219.1
Project("{9A19103F-16F7-4668-BE54-9A1E7A4F7556}") = "ApiRest.Net5", "ApiRest.Net5\ApiRest.Net5.csproj", "{ED68015B-6BE3-4FCC-A44D-5F9A225FA253}"
EndProject
Project("{9A19103F-16F7-4668-BE54-9A1E7A4F7556}") = "UsuariosApi", "UsuariosApi\UsuariosApi.csproj", "{173946DD-2F6A-4DD2-8A68-A37C6637E0CE}"
EndProject
Global
	GlobalSection(SolutionConfigurationPlatforms) = preSolution
		Debug|Any CPU = Debug|Any CPU
		Release|Any CPU = Release|Any CPU
	EndGlobalSection
	GlobalSection(ProjectConfigurationPlatforms) = postSolution
		{ED68015B-6BE3-4FCC-A44D-5F9A225FA253}.Debug|Any CPU.ActiveCfg = Debug|Any CPU
		{ED68015B-6BE3-4FCC-A44D-5F9A225FA253}.Debug|Any CPU.Build.0 = Debug|Any CPU
		{ED68015B-6BE3-4FCC-A44D-5F9A225FA253}.Release|Any CPU.ActiveCfg = Release|Any CPU
		{ED68015B-6BE3-4FCC-A44D-5F9A225FA253}.Release|Any CPU.Build.0 = Release|Any CPU
		{173946DD-2F6A-4DD2-8A68-A37C6637E0CE}.Debug|Any CPU.ActiveCfg = Debug|Any CPU
		{173946DD-2F6A-4DD2-8A68-A37C6637E0CE}.Debug|Any CPU.Build.0 = Debug|Any CPU
		{173946DD-2F6A-4DD2-8A68-A37C6637E0CE}.Release|Any CPU.ActiveCfg = Release|Any CPU
		{173946DD-2F6A-4DD2-8A68-A37C6637E0CE}.Release|Any CPU.Build.0 = Release|Any CPU
	EndGlobalSection
	GlobalSection(SolutionProperties) = preSolution
		HideSolutionNode = FALSE
	EndGlobalSection
	GlobalSection(ExtensibilityGlobals) = postSolution
		SolutionGuid = {869D880E-FFE2-4093-94A9-B136D3269254}
	EndGlobalSection
EndGlobal
